// !$*UTF8*$!
{
	archiveVersion = 1;
	classes = {
	};
	objectVersion = 46;
	objects = {

/* Begin PBXBuildFile section */
		202D55111EE54169008C7EE6 /* KakaoOpenSDK.framework in Frameworks */ = {isa = PBXBuildFile; fileRef = 202D55101EE54169008C7EE6 /* KakaoOpenSDK.framework */; };
		204F54591EE11AAA002FC0FB /* WebViewController.swift in Sources */ = {isa = PBXBuildFile; fileRef = 204F54581EE11AAA002FC0FB /* WebViewController.swift */; };
		9F95A10E2EEE9BB80084A50A /* TenONineTests.swift in Sources */ = {isa = PBXBuildFile; fileRef = 9F95ADCE292D5456653CD4DA /* TenONineTests.swift */; };
		9F95A29B4FD1EAC3C66E65E7 /* Assets.xcassets in Resources */ = {isa = PBXBuildFile; fileRef = 9F95AFD73D6A78798355DE66 /* Assets.xcassets */; };
		9F95A2C8585172936F5EC6C2 /* AppDelegate.swift in Sources */ = {isa = PBXBuildFile; fileRef = 9F95AC798BE884E5E35B50ED /* AppDelegate.swift */; };
		9F95A2F18469F9B81CC9D7ED /* LaunchScreen.storyboard in Resources */ = {isa = PBXBuildFile; fileRef = 9F95A4E55B653A25FCB4B163 /* LaunchScreen.storyboard */; };
		9F95A39942244233B3DBD6FB /* Main.storyboard in Resources */ = {isa = PBXBuildFile; fileRef = 9F95AB7E9F608844B4EBA254 /* Main.storyboard */; };
		9F95A8CD100861D5B06B52A5 /* TenONineUITests.swift in Sources */ = {isa = PBXBuildFile; fileRef = 9F95AADD5C79BD4A27E60749 /* TenONineUITests.swift */; };
		9F95A9DBB8CC7A5FD0B9B3A1 /* ViewController.swift in Sources */ = {isa = PBXBuildFile; fileRef = 9F95A768815561E5263692AC /* ViewController.swift */; };
/* End PBXBuildFile section */

/* Begin PBXContainerItemProxy section */
		9F95A2C97F2DB586779549F3 /* PBXContainerItemProxy */ = {
			isa = PBXContainerItemProxy;
			containerPortal = 9F95ADE45ABEC1ADAFA47F45 /* Project object */;
			proxyType = 1;
			remoteGlobalIDString = 9F95AF5AE87AD6F9631B9B21;
			remoteInfo = TenONine;
		};
		9F95A9BE283188C10719CFBB /* PBXContainerItemProxy */ = {
			isa = PBXContainerItemProxy;
			containerPortal = 9F95ADE45ABEC1ADAFA47F45 /* Project object */;
			proxyType = 1;
			remoteGlobalIDString = 9F95AF5AE87AD6F9631B9B21;
			remoteInfo = TenONine;
		};
/* End PBXContainerItemProxy section */

/* Begin PBXFileReference section */
		202B125E1EE51D29002AC9AA /* KakaoOpenSDK.framework */ = {isa = PBXFileReference; lastKnownFileType = wrapper.framework; name = KakaoOpenSDK.framework; path = "../../Downloads/kakao-ios-sdk-1.3.1/KakaoOpenSDK.framework"; sourceTree = "<group>"; };
		202D55101EE54169008C7EE6 /* KakaoOpenSDK.framework */ = {isa = PBXFileReference; lastKnownFileType = wrapper.framework; path = KakaoOpenSDK.framework; sourceTree = "<group>"; };
		202D55131EE552A1008C7EE6 /* TenONine-Bridging-Header.h */ = {isa = PBXFileReference; lastKnownFileType = sourcecode.c.h; path = "TenONine-Bridging-Header.h"; sourceTree = "<group>"; };
		204F54581EE11AAA002FC0FB /* WebViewController.swift */ = {isa = PBXFileReference; fileEncoding = 4; lastKnownFileType = sourcecode.swift; path = WebViewController.swift; sourceTree = "<group>"; };
		9F95A223C35B0FE14F0D3657 /* Base */ = {isa = PBXFileReference; lastKnownFileType = file.storyboard; name = Base; path = Base.lproj/LaunchScreen.storyboard; sourceTree = "<group>"; };
		9F95A5E844BD0EDE085FE35F /* TenONineTests.xctest */ = {isa = PBXFileReference; explicitFileType = wrapper.cfbundle; includeInIndex = 0; path = TenONineTests.xctest; sourceTree = BUILT_PRODUCTS_DIR; };
		9F95A61353FC1DB51F5F35BE /* TenONine.app */ = {isa = PBXFileReference; explicitFileType = wrapper.application; includeInIndex = 0; path = TenONine.app; sourceTree = BUILT_PRODUCTS_DIR; };
		9F95A736FDA8B62EAFBAA464 /* Info.plist */ = {isa = PBXFileReference; lastKnownFileType = text.plist.info; path = Info.plist; sourceTree = "<group>"; };
		9F95A768815561E5263692AC /* ViewController.swift */ = {isa = PBXFileReference; lastKnownFileType = sourcecode.swift; path = ViewController.swift; sourceTree = "<group>"; };
		9F95A7C2B2202F69A5321A03 /* TenONineUITests.xctest */ = {isa = PBXFileReference; explicitFileType = wrapper.cfbundle; includeInIndex = 0; path = TenONineUITests.xctest; sourceTree = BUILT_PRODUCTS_DIR; };
		9F95AA27ED2575B0F62BEC0A /* Info.plist */ = {isa = PBXFileReference; lastKnownFileType = text.plist.info; path = Info.plist; sourceTree = "<group>"; };
		9F95AADD5C79BD4A27E60749 /* TenONineUITests.swift */ = {isa = PBXFileReference; lastKnownFileType = sourcecode.swift; path = TenONineUITests.swift; sourceTree = "<group>"; };
		9F95AB2AB78BC00AD8AD462F /* Base */ = {isa = PBXFileReference; lastKnownFileType = file.storyboard; name = Base; path = Base.lproj/Main.storyboard; sourceTree = "<group>"; };
		9F95AC798BE884E5E35B50ED /* AppDelegate.swift */ = {isa = PBXFileReference; lastKnownFileType = sourcecode.swift; path = AppDelegate.swift; sourceTree = "<group>"; };
		9F95AD98F6F164A99180A535 /* Info.plist */ = {isa = PBXFileReference; lastKnownFileType = text.plist.info; path = Info.plist; sourceTree = "<group>"; };
		9F95ADCE292D5456653CD4DA /* TenONineTests.swift */ = {isa = PBXFileReference; lastKnownFileType = sourcecode.swift; path = TenONineTests.swift; sourceTree = "<group>"; };
		9F95AFD73D6A78798355DE66 /* Assets.xcassets */ = {isa = PBXFileReference; lastKnownFileType = folder.assetcatalog; path = Assets.xcassets; sourceTree = "<group>"; };
/* End PBXFileReference section */

/* Begin PBXFrameworksBuildPhase section */
		9F95A36C77C6457D3A161982 /* Frameworks */ = {
			isa = PBXFrameworksBuildPhase;
			buildActionMask = 2147483647;
			files = (
				202D55111EE54169008C7EE6 /* KakaoOpenSDK.framework in Frameworks */,
			);
			runOnlyForDeploymentPostprocessing = 0;
		};
		9F95A5B3FA6BD64C98D31A80 /* Frameworks */ = {
			isa = PBXFrameworksBuildPhase;
			buildActionMask = 2147483647;
			files = (
			);
			runOnlyForDeploymentPostprocessing = 0;
		};
		9F95AB49E9C359774317E198 /* Frameworks */ = {
			isa = PBXFrameworksBuildPhase;
			buildActionMask = 2147483647;
			files = (
			);
			runOnlyForDeploymentPostprocessing = 0;
		};
/* End PBXFrameworksBuildPhase section */

/* Begin PBXGroup section */
		202B125D1EE51D29002AC9AA /* Frameworks */ = {
			isa = PBXGroup;
			children = (
				202B125E1EE51D29002AC9AA /* KakaoOpenSDK.framework */,
			);
			name = Frameworks;
			sourceTree = "<group>";
		};
		9F95A3FEEA4A017D65644941 /* TenONineUITests */ = {
			isa = PBXGroup;
			children = (
				9F95A736FDA8B62EAFBAA464 /* Info.plist */,
				9F95AADD5C79BD4A27E60749 /* TenONineUITests.swift */,
			);
			path = TenONineUITests;
			sourceTree = "<group>";
		};
		9F95A78F7424099E09F6C004 /* TenONine */ = {
			isa = PBXGroup;
			children = (
				9F95AD98F6F164A99180A535 /* Info.plist */,
				9F95AFD73D6A78798355DE66 /* Assets.xcassets */,
				9F95A4E55B653A25FCB4B163 /* LaunchScreen.storyboard */,
				9F95AC798BE884E5E35B50ED /* AppDelegate.swift */,
				9F95AB7E9F608844B4EBA254 /* Main.storyboard */,
				9F95A768815561E5263692AC /* ViewController.swift */,
				204F54581EE11AAA002FC0FB /* WebViewController.swift */,
				202D55131EE552A1008C7EE6 /* TenONine-Bridging-Header.h */,
			);
			path = TenONine;
			sourceTree = "<group>";
		};
		9F95A7DF95F1BD6F3DDC6702 /* TenONineTests */ = {
			isa = PBXGroup;
			children = (
				9F95AA27ED2575B0F62BEC0A /* Info.plist */,
				9F95ADCE292D5456653CD4DA /* TenONineTests.swift */,
			);
			path = TenONineTests;
			sourceTree = "<group>";
		};
		9F95A9778E0AD82558F296F8 = {
			isa = PBXGroup;
			children = (
				202D55101EE54169008C7EE6 /* KakaoOpenSDK.framework */,
				9F95AA78805B1829FFC8357C /* Products */,
				9F95A78F7424099E09F6C004 /* TenONine */,
				9F95A7DF95F1BD6F3DDC6702 /* TenONineTests */,
				9F95A3FEEA4A017D65644941 /* TenONineUITests */,
				202B125D1EE51D29002AC9AA /* Frameworks */,
			);
			sourceTree = "<group>";
		};
		9F95AA78805B1829FFC8357C /* Products */ = {
			isa = PBXGroup;
			children = (
				9F95A61353FC1DB51F5F35BE /* TenONine.app */,
				9F95A5E844BD0EDE085FE35F /* TenONineTests.xctest */,
				9F95A7C2B2202F69A5321A03 /* TenONineUITests.xctest */,
			);
			name = Products;
			sourceTree = "<group>";
		};
/* End PBXGroup section */

/* Begin PBXNativeTarget section */
		9F95A1A67340353FC81F8DFC /* TenONineTests */ = {
			isa = PBXNativeTarget;
			buildConfigurationList = 9F95A2EE8929416C77CC2386 /* Build configuration list for PBXNativeTarget "TenONineTests" */;
			buildPhases = (
				9F95A252B4AE5FE241F3FAE1 /* Sources */,
				9F95A5B3FA6BD64C98D31A80 /* Frameworks */,
				9F95A319A7A6557802307CBB /* Resources */,
			);
			buildRules = (
			);
			dependencies = (
				9F95AA94C9A31173F9D57829 /* PBXTargetDependency */,
			);
			name = TenONineTests;
			productName = TenONineTests;
			productReference = 9F95A5E844BD0EDE085FE35F /* TenONineTests.xctest */;
			productType = "com.apple.product-type.bundle.unit-test";
		};
		9F95A5DB17921C4A9AC2DF12 /* TenONineUITests */ = {
			isa = PBXNativeTarget;
			buildConfigurationList = 9F95AAA3516FC1A1C5E90FB3 /* Build configuration list for PBXNativeTarget "TenONineUITests" */;
			buildPhases = (
				9F95A0873723ADB5C8CA9BB6 /* Sources */,
				9F95AB49E9C359774317E198 /* Frameworks */,
				9F95A4CFA6FE1B0DD6233AEC /* Resources */,
			);
			buildRules = (
			);
			dependencies = (
				9F95A425A4F3E142BC521478 /* PBXTargetDependency */,
			);
			name = TenONineUITests;
			productName = TenONineUITests;
			productReference = 9F95A7C2B2202F69A5321A03 /* TenONineUITests.xctest */;
			productType = "com.apple.product-type.bundle.ui-testing";
		};
		9F95AF5AE87AD6F9631B9B21 /* TenONine */ = {
			isa = PBXNativeTarget;
			buildConfigurationList = 9F95ABFABF3D1D5B7A19E9A0 /* Build configuration list for PBXNativeTarget "TenONine" */;
			buildPhases = (
				9F95A60F5CED21EFC720BAEE /* Sources */,
				9F95A36C77C6457D3A161982 /* Frameworks */,
				9F95AFB0A2AB2316335DFA30 /* Resources */,
			);
			buildRules = (
			);
			dependencies = (
			);
			name = TenONine;
			productName = TenONine;
			productReference = 9F95A61353FC1DB51F5F35BE /* TenONine.app */;
			productType = "com.apple.product-type.application";
		};
/* End PBXNativeTarget section */

/* Begin PBXProject section */
		9F95ADE45ABEC1ADAFA47F45 /* Project object */ = {
			isa = PBXProject;
			attributes = {
				ORGANIZATIONNAME = "___FULLUSERNAME___";
				TargetAttributes = {
					9F95AF5AE87AD6F9631B9B21 = {
						DevelopmentTeam = 733T3ZR22T;
						LastSwiftMigration = 0830;
					};
				};
			};
			buildConfigurationList = 9F95ADF04F9566FFD74CE56B /* Build configuration list for PBXProject "TenONine" */;
			compatibilityVersion = "Xcode 3.2";
			developmentRegion = English;
			hasScannedForEncodings = 0;
			knownRegions = (
				en,
			);
			mainGroup = 9F95A9778E0AD82558F296F8;
			productRefGroup = 9F95AA78805B1829FFC8357C /* Products */;
			projectDirPath = "";
			projectRoot = "";
			targets = (
				9F95AF5AE87AD6F9631B9B21 /* TenONine */,
				9F95A1A67340353FC81F8DFC /* TenONineTests */,
				9F95A5DB17921C4A9AC2DF12 /* TenONineUITests */,
			);
		};
/* End PBXProject section */

/* Begin PBXResourcesBuildPhase section */
		9F95A319A7A6557802307CBB /* Resources */ = {
			isa = PBXResourcesBuildPhase;
			buildActionMask = 2147483647;
			files = (
			);
			runOnlyForDeploymentPostprocessing = 0;
		};
		9F95A4CFA6FE1B0DD6233AEC /* Resources */ = {
			isa = PBXResourcesBuildPhase;
			buildActionMask = 2147483647;
			files = (
			);
			runOnlyForDeploymentPostprocessing = 0;
		};
		9F95AFB0A2AB2316335DFA30 /* Resources */ = {
			isa = PBXResourcesBuildPhase;
			buildActionMask = 2147483647;
			files = (
				9F95A29B4FD1EAC3C66E65E7 /* Assets.xcassets in Resources */,
				9F95A2F18469F9B81CC9D7ED /* LaunchScreen.storyboard in Resources */,
				9F95A39942244233B3DBD6FB /* Main.storyboard in Resources */,
			);
			runOnlyForDeploymentPostprocessing = 0;
		};
/* End PBXResourcesBuildPhase section */

/* Begin PBXSourcesBuildPhase section */
		9F95A0873723ADB5C8CA9BB6 /* Sources */ = {
			isa = PBXSourcesBuildPhase;
			buildActionMask = 2147483647;
			files = (
				9F95A8CD100861D5B06B52A5 /* TenONineUITests.swift in Sources */,
			);
			runOnlyForDeploymentPostprocessing = 0;
		};
		9F95A252B4AE5FE241F3FAE1 /* Sources */ = {
			isa = PBXSourcesBuildPhase;
			buildActionMask = 2147483647;
			files = (
				9F95A10E2EEE9BB80084A50A /* TenONineTests.swift in Sources */,
			);
			runOnlyForDeploymentPostprocessing = 0;
		};
		9F95A60F5CED21EFC720BAEE /* Sources */ = {
			isa = PBXSourcesBuildPhase;
			buildActionMask = 2147483647;
			files = (
				9F95A2C8585172936F5EC6C2 /* AppDelegate.swift in Sources */,
				204F54591EE11AAA002FC0FB /* WebViewController.swift in Sources */,
				9F95A9DBB8CC7A5FD0B9B3A1 /* ViewController.swift in Sources */,
			);
			runOnlyForDeploymentPostprocessing = 0;
		};
/* End PBXSourcesBuildPhase section */

/* Begin PBXTargetDependency section */
		9F95A425A4F3E142BC521478 /* PBXTargetDependency */ = {
			isa = PBXTargetDependency;
			target = 9F95AF5AE87AD6F9631B9B21 /* TenONine */;
			targetProxy = 9F95A2C97F2DB586779549F3 /* PBXContainerItemProxy */;
		};
		9F95AA94C9A31173F9D57829 /* PBXTargetDependency */ = {
			isa = PBXTargetDependency;
			target = 9F95AF5AE87AD6F9631B9B21 /* TenONine */;
			targetProxy = 9F95A9BE283188C10719CFBB /* PBXContainerItemProxy */;
		};
/* End PBXTargetDependency section */

/* Begin PBXVariantGroup section */
		9F95A4E55B653A25FCB4B163 /* LaunchScreen.storyboard */ = {
			isa = PBXVariantGroup;
			children = (
				9F95A223C35B0FE14F0D3657 /* Base */,
			);
			name = LaunchScreen.storyboard;
			sourceTree = "<group>";
		};
		9F95AB7E9F608844B4EBA254 /* Main.storyboard */ = {
			isa = PBXVariantGroup;
			children = (
				9F95AB2AB78BC00AD8AD462F /* Base */,
			);
			name = Main.storyboard;
			sourceTree = "<group>";
		};
/* End PBXVariantGroup section */

/* Begin XCBuildConfiguration section */
		9F95A12CDF6FBB89268A074C /* Debug */ = {
			isa = XCBuildConfiguration;
			buildSettings = {
				INFOPLIST_FILE = TenONineUITests/Info.plist;
				LD_RUNPATH_SEARCH_PATHS = "$(inherited) @executable_path/Frameworks @loader_path/Frameworks";
				PRODUCT_BUNDLE_IDENTIFIER = kface.TenONineUITests;
				PRODUCT_NAME = "$(TARGET_NAME)";
				SWIFT_VERSION = 3.1;
				TEST_TARGET_NAME = TenONine;
			};
			name = Debug;
		};
		9F95A39E46746362C8F3A2FA /* Debug */ = {
			isa = XCBuildConfiguration;
			buildSettings = {
				ASSETCATALOG_COMPILER_APPICON_NAME = AppIcon;
				CLANG_ENABLE_MODULES = YES;
				DEVELOPMENT_TEAM = 733T3ZR22T;
				FRAMEWORK_SEARCH_PATHS = (
					"$(inherited)",
					"$(PROJECT_DIR)",
				);
				INFOPLIST_FILE = TenONine/Info.plist;
				LD_RUNPATH_SEARCH_PATHS = "$(inherited) @executable_path/Frameworks";
				NEW_SETTING = "";
				OTHER_LDFLAGS = "-all_load";
				PRODUCT_BUNDLE_IDENTIFIER = kface.TenONine;
				PRODUCT_NAME = "$(TARGET_NAME)";
				SWIFT_OBJC_BRIDGING_HEADER = "TenONine/TenONine-Bridging-Header.h";
				SWIFT_OPTIMIZATION_LEVEL = "-Onone";
				SWIFT_VERSION = 3.1;
			};
			name = Debug;
		};
		9F95A41E9F7C141F68E8CE32 /* Release */ = {
			isa = XCBuildConfiguration;
			buildSettings = {
				ASSETCATALOG_COMPILER_APPICON_NAME = AppIcon;
				CLANG_ENABLE_MODULES = YES;
				DEVELOPMENT_TEAM = 733T3ZR22T;
				FRAMEWORK_SEARCH_PATHS = (
					"$(inherited)",
					"$(PROJECT_DIR)",
				);
				INFOPLIST_FILE = TenONine/Info.plist;
				LD_RUNPATH_SEARCH_PATHS = "$(inherited) @executable_path/Frameworks";
				NEW_SETTING = "";
				OTHER_LDFLAGS = "-all_load";
				PRODUCT_BUNDLE_IDENTIFIER = kface.TenONine;
				PRODUCT_NAME = "$(TARGET_NAME)";
				SWIFT_OBJC_BRIDGING_HEADER = "TenONine/TenONine-Bridging-Header.h";
				SWIFT_VERSION = 3.1;
			};
			name = Release;
		};
		9F95A4B2FCF4A9729A4F2B1C /* Release */ = {
			isa = XCBuildConfiguration;
			buildSettings = {
				ALWAYS_SEARCH_USER_PATHS = NO;
				CLANG_ANALYZER_NONNULL = YES;
				CLANG_ANALYZER_NUMBER_OBJECT_CONVERSION = YES_AGGRESSIVE;
				CLANG_CXX_LANGUAGE_STANDARD = "gnu++0x";
				CLANG_CXX_LIBRARY = "libc++";
				CLANG_ENABLE_MODULES = YES;
				CLANG_ENABLE_OBJC_ARC = YES;
				CLANG_WARN_BOOL_CONVERSION = YES;
				CLANG_WARN_CONSTANT_CONVERSION = YES;
				CLANG_WARN_DIRECT_OBJC_ISA_USAGE = YES_ERROR;
				CLANG_WARN_DOCUMENTATION_COMMENTS = YES;
				CLANG_WARN_EMPTY_BODY = YES;
				CLANG_WARN_ENUM_CONVERSION = YES;
				CLANG_WARN_INFINITE_RECURSION = YES;
				CLANG_WARN_INT_CONVERSION = YES;
				CLANG_WARN_OBJC_ROOT_CLASS = YES_ERROR;
				CLANG_WARN_SUSPICIOUS_MOVE = YES;
				CLANG_WARN_UNREACHABLE_CODE = YES;
				CLANG_WARN__DUPLICATE_METHOD_MATCH = YES;
				"CODE_SIGN_IDENTITY[sdk=iphoneos*]" = "iPhone Developer";
				COPY_PHASE_STRIP = NO;
				DEBUG_INFORMATION_FORMAT = "dwarf-with-dsym";
				ENABLE_NS_ASSERTIONS = NO;
				ENABLE_STRICT_OBJC_MSGSEND = YES;
				GCC_C_LANGUAGE_STANDARD = gnu99;
				GCC_NO_COMMON_BLOCKS = YES;
				GCC_WARN_64_TO_32_BIT_CONVERSION = YES;
				GCC_WARN_ABOUT_RETURN_TYPE = YES_ERROR;
				GCC_WARN_UNDECLARED_SELECTOR = YES;
				GCC_WARN_UNINITIALIZED_AUTOS = YES_AGGRESSIVE;
				GCC_WARN_UNUSED_FUNCTION = YES;
				GCC_WARN_UNUSED_VARIABLE = YES;
				IPHONEOS_DEPLOYMENT_TARGET = 10.3;
				MTL_ENABLE_DEBUG_INFO = NO;
				SDKROOT = iphoneos;
				SWIFT_OPTIMIZATION_LEVEL = "-Owholemodule";
				VALIDATE_PRODUCT = YES;
			};
			name = Release;
		};
		9F95A4D3F1281ECCCD129959 /* Release */ = {
			isa = XCBuildConfiguration;
			buildSettings = {
				INFOPLIST_FILE = TenONineUITests/Info.plist;
				LD_RUNPATH_SEARCH_PATHS = "$(inherited) @executable_path/Frameworks @loader_path/Frameworks";
				PRODUCT_BUNDLE_IDENTIFIER = kface.TenONineUITests;
				PRODUCT_NAME = "$(TARGET_NAME)";
				SWIFT_VERSION = 3.1;
				TEST_TARGET_NAME = TenONine;
			};
			name = Release;
		};
		9F95A76BA6A5ED788A19E613 /* Release */ = {
			isa = XCBuildConfiguration;
			buildSettings = {
				BUNDLE_LOADER = "$(BUILT_PRODUCTS_DIR)/TenONine.app/TenONine";
				INFOPLIST_FILE = TenONineTests/Info.plist;
				LD_RUNPATH_SEARCH_PATHS = "$(inherited) @executable_path/Frameworks @loader_path/Frameworks";
				PRODUCT_BUNDLE_IDENTIFIER = kface.TenONineTests;
				PRODUCT_NAME = "$(TARGET_NAME)";
				SWIFT_VERSION = 3.1;
				TEST_HOST = "$(BUNDLE_LOADER)";
			};
			name = Release;
		};
		9F95ACD56C677518B59667BC /* Debug */ = {
			isa = XCBuildConfiguration;
			buildSettings = {
				BUNDLE_LOADER = "$(BUILT_PRODUCTS_DIR)/TenONine.app/TenONine";
				INFOPLIST_FILE = TenONineTests/Info.plist;
				LD_RUNPATH_SEARCH_PATHS = "$(inherited) @executable_path/Frameworks @loader_path/Frameworks";
				PRODUCT_BUNDLE_IDENTIFIER = kface.TenONineTests;
				PRODUCT_NAME = "$(TARGET_NAME)";
				SWIFT_VERSION = 3.1;
				TEST_HOST = "$(BUNDLE_LOADER)";
			};
			name = Debug;
		};
		9F95AE547B0A451F1F83FCA2 /* Debug */ = {
			isa = XCBuildConfiguration;
			buildSettings = {
				ALWAYS_SEARCH_USER_PATHS = NO;
				CLANG_ANALYZER_NONNULL = YES;
				CLANG_ANALYZER_NUMBER_OBJECT_CONVERSION = YES_AGGRESSIVE;
				CLANG_CXX_LANGUAGE_STANDARD = "gnu++0x";
				CLANG_CXX_LIBRARY = "libc++";
				CLANG_ENABLE_MODULES = YES;
				CLANG_ENABLE_OBJC_ARC = YES;
				CLANG_WARN_BOOL_CONVERSION = YES;
				CLANG_WARN_CONSTANT_CONVERSION = YES;
				CLANG_WARN_DIRECT_OBJC_ISA_USAGE = YES_ERROR;
				CLANG_WARN_DOCUMENTATION_COMMENTS = YES;
				CLANG_WARN_EMPTY_BODY = YES;
				CLANG_WARN_ENUM_CONVERSION = YES;
				CLANG_WARN_INFINITE_RECURSION = YES;
				CLANG_WARN_INT_CONVERSION = YES;
				CLANG_WARN_OBJC_ROOT_CLASS = YES_ERROR;
				CLANG_WARN_SUSPICIOUS_MOVE = YES;
				CLANG_WARN_UNREACHABLE_CODE = YES;
				CLANG_WARN__DUPLICATE_METHOD_MATCH = YES;
				"CODE_SIGN_IDENTITY[sdk=iphoneos*]" = "iPhone Developer";
				COPY_PHASE_STRIP = NO;
				DEBUG_INFORMATION_FORMAT = dwarf;
				ENABLE_STRICT_OBJC_MSGSEND = YES;
				ENABLE_TESTABILITY = YES;
				GCC_C_LANGUAGE_STANDARD = gnu99;
				GCC_DYNAMIC_NO_PIC = NO;
				GCC_NO_COMMON_BLOCKS = YES;
				GCC_OPTIMIZATION_LEVEL = 0;
				GCC_PREPROCESSOR_DEFINITIONS = (
					"DEBUG=1",
					"$(inherited)",
				);
				GCC_WARN_64_TO_32_BIT_CONVERSION = YES;
				GCC_WARN_ABOUT_RETURN_TYPE = YES_ERROR;
				GCC_WARN_UNDECLARED_SELECTOR = YES;
				GCC_WARN_UNINITIALIZED_AUTOS = YES_AGGRESSIVE;
				GCC_WARN_UNUSED_FUNCTION = YES;
				GCC_WARN_UNUSED_VARIABLE = YES;
				IPHONEOS_DEPLOYMENT_TARGET = 10.3;
				MTL_ENABLE_DEBUG_INFO = YES;
				ONLY_ACTIVE_ARCH = YES;
				SDKROOT = iphoneos;
				SWIFT_ACTIVE_COMPILATION_CONDITIONS = DEBUG;
				SWIFT_OPTIMIZATION_LEVEL = "-Onone";
			};
			name = Debug;
		};
/* End XCBuildConfiguration section */

/* Begin XCConfigurationList section */
		9F95A2EE8929416C77CC2386 /* Build configuration list for PBXNativeTarget "TenONineTests" */ = {
			isa = XCConfigurationList;
			buildConfigurations = (
				9F95ACD56C677518B59667BC /* Debug */,
				9F95A76BA6A5ED788A19E613 /* Release */,
			);
			defaultConfigurationIsVisible = 0;
			defaultConfigurationName = Release;
		};
		9F95AAA3516FC1A1C5E90FB3 /* Build configuration list for PBXNativeTarget "TenONineUITests" */ = {
			isa = XCConfigurationList;
			buildConfigurations = (
				9F95A12CDF6FBB89268A074C /* Debug */,
				9F95A4D3F1281ECCCD129959 /* Release */,
			);
			defaultConfigurationIsVisible = 0;
			defaultConfigurationName = Release;
		};
		9F95ABFABF3D1D5B7A19E9A0 /* Build configuration list for PBXNativeTarget "TenONine" */ = {
			isa = XCConfigurationList;
			buildConfigurations = (
				9F95A39E46746362C8F3A2FA /* Debug */,
				9F95A41E9F7C141F68E8CE32 /* Release */,
			);
			defaultConfigurationIsVisible = 0;
			defaultConfigurationName = Release;
		};
		9F95ADF04F9566FFD74CE56B /* Build configuration list for PBXProject "TenONine" */ = {
			isa = XCConfigurationList;
			buildConfigurations = (
				9F95AE547B0A451F1F83FCA2 /* Debug */,
				9F95A4B2FCF4A9729A4F2B1C /* Release */,
			);
			defaultConfigurationIsVisible = 0;
			defaultConfigurationName = Release;
		};
/* End XCConfigurationList section */
	};
	rootObject = 9F95ADE45ABEC1ADAFA47F45 /* Project object */;
}
